
Microsoft Visual Studio Solution File, Format Version 12.00
# Visual Studio Version 17
VisualStudioVersion = 17.11.35327.3
MinimumVisualStudioVersion = 10.0.40219.1
Project("{8BC9CEB8-8B4A-11D0-8D11-00A0C91BC942}") = "BOJ_10775", "BOJ_10775.vcxproj", "{D5FDB6AA-CC80-43F0-A537-29F84764F62F}"
EndProject
Global
	GlobalSection(SolutionConfigurationPlatforms) = preSolution
		Debug|x64 = Debug|x64
		Release|x64 = Release|x64
	EndGlobalSection
	GlobalSection(ProjectConfigurationPlatforms) = postSolution
		{D5FDB6AA-CC80-43F0-A537-29F84764F62F}.Debug|x64.ActiveCfg = Debug|x64
		{D5FDB6AA-CC80-43F0-A537-29F84764F62F}.Debug|x64.Build.0 = Debug|x64
		{D5FDB6AA-CC80-43F0-A537-29F84764F62F}.Release|x64.ActiveCfg = Release|x64
		{D5FDB6AA-CC80-43F0-A537-29F84764F62F}.Release|x64.Build.0 = Release|x64
	EndGlobalSection
	GlobalSection(SolutionProperties) = preSolution
		HideSolutionNode = FALSE
	EndGlobalSection
	GlobalSection(ExtensibilityGlobals) = postSolution
		SolutionGuid = {686AA661-FA77-4DFD-81FB-EF4BFD98EB2A}
	EndGlobalSection
EndGlobal
